<?xml version="1.0" encoding="UTF-8" standalone="yes" ?>
<CodeBlocks_project_file>
	<FileVersion major="1" minor="6" />
	<Project>
		<Option title="splines" />
		<Option makefile_is_custom="1" />
		<Option pch_mode="2" />
		<Option compiler="gcc" />
		<Build>
			<Target title="Debug">
				<Option output="Debug/bin/splineViewer" prefix_auto="1" extension_auto="1" />
				<Option object_output="obj/Debug/" />
				<Option type="1" />
				<Option compiler="gcc" />
				<Compiler>
					<Add option="-g" />
					<Add directory="include" />
				</Compiler>
				<ExtraCommands>
					<Add before="./builders/Debug.sh" />
				</ExtraCommands>
				<MakeCommands>
					<Build command="make -C $target" />
					<CompileFile command="make -C $target $file" />
					<Clean command="make -C $target clean" />
					<DistClean command="$make -f $makefile distclean$target" />
					<AskRebuildNeeded command="make -C $target -q" />
					<SilentBuild command="make -C $target &gt; $(CMD_NULL)" />
				</MakeCommands>
			</Target>
			<Target title="Release">
				<Option output="Release/bin/splineViewer" prefix_auto="1" extension_auto="1" />
				<Option object_output="obj/Release/" />
				<Option type="0" />
				<Option compiler="gcc" />
				<Compiler>
					<Add option="-O2" />
					<Add directory="include" />
				</Compiler>
				<Linker>
					<Add option="-s" />
				</Linker>
				<ExtraCommands>
					<Add before="./builders/Release.sh" />
				</ExtraCommands>
				<MakeCommands>
					<Build command="make -C $target" />
					<CompileFile command="make -C $target $file" />
					<Clean command="make -C $target clean" />
					<DistClean command="$make -f $makefile distclean$target" />
					<AskRebuildNeeded command="make -C $target -q" />
					<SilentBuild command="make -C $target &gt; $(CMD_NULL)" />
				</MakeCommands>
			</Target>
		</Build>
		<Compiler>
			<Add option="`sdl2-config --cflags`" />
			<Add option="-Wall" />
		</Compiler>
		<Linker>
			<Add option="`sdl2-config --libs`" />
		</Linker>
		<Unit filename="CMakeLists.txt" />
		<Unit filename="include/Spline.h" />
		<Unit filename="include/matrix/matrix.h" />
		<Unit filename="include/matrix/matrix_impl.h" />
		<Unit filename="src/Spline.cpp" />
		<Unit filename="src/main.cpp" />
		<Extensions>
			<code_completion />
			<debugger />
		</Extensions>
	</Project>
</CodeBlocks_project_file>
